
Microsoft Visual Studio Solution File, Format Version 12.00
# Visual Studio 2012
VisualStudioVersion = 12.0.31101.0
MinimumVisualStudioVersion = 10.0.40219.1
Project("{FAE04EC0-301F-11D3-BF4B-00C04F79EFBC}") = "TriCare", "TriCare\TriCare\TriCare.csproj", "{B15AEA66-E65E-42D1-A5C9-A5A75E0B475D}"
EndProject
Project("{FAE04EC0-301F-11D3-BF4B-00C04F79EFBC}") = "TriCare.iOS", "TriCare\TriCare.iOS\TriCare.iOS.csproj", "{526AB690-FBD1-4AED-B006-636A96DDECE2}"
EndProject
Project("{FAE04EC0-301F-11D3-BF4B-00C04F79EFBC}") = "TriCare.Android", "TriCare\TriCare.Android\TriCare.Android.csproj", "{52C875D7-A206-4A38-9128-CF18AB1A8D14}"
EndProject
Project("{FAE04EC0-301F-11D3-BF4B-00C04F79EFBC}") = "TriCare.WinPhone", "TriCare\TriCare.WinPhone\TriCare.WinPhone.csproj", "{9E8B13E0-01DB-44AA-B8CD-9EED9D1C6BEF}"
EndProject
Project("{2150E333-8FDC-42A3-9474-1A3956D46DE8}") = "Solution Items", "Solution Items", "{261658C9-2070-40F6-9BBF-40393E2857AA}"
	ProjectSection(SolutionItems) = preProject
		TriCare.sln = TriCare.sln
	EndProjectSection
EndProject
Global
	GlobalSection(SolutionConfigurationPlatforms) = preSolution
		Ad-Hoc|Any CPU = Ad-Hoc|Any CPU
		Ad-Hoc|ARM = Ad-Hoc|ARM
		Ad-Hoc|iPhone = Ad-Hoc|iPhone
		Ad-Hoc|iPhoneSimulator = Ad-Hoc|iPhoneSimulator
		Ad-Hoc|Mixed Platforms = Ad-Hoc|Mixed Platforms
		Ad-Hoc|x86 = Ad-Hoc|x86
		AppStore|Any CPU = AppStore|Any CPU
		AppStore|ARM = AppStore|ARM
		AppStore|iPhone = AppStore|iPhone
		AppStore|iPhoneSimulator = AppStore|iPhoneSimulator
		AppStore|Mixed Platforms = AppStore|Mixed Platforms
		AppStore|x86 = AppStore|x86
		Debug|Any CPU = Debug|Any CPU
		Debug|ARM = Debug|ARM
		Debug|iPhone = Debug|iPhone
		Debug|iPhoneSimulator = Debug|iPhoneSimulator
		Debug|Mixed Platforms = Debug|Mixed Platforms
		Debug|x86 = Debug|x86
		Release|Any CPU = Release|Any CPU
		Release|ARM = Release|ARM
		Release|iPhone = Release|iPhone
		Release|iPhoneSimulator = Release|iPhoneSimulator
		Release|Mixed Platforms = Release|Mixed Platforms
		Release|x86 = Release|x86
	EndGlobalSection
	GlobalSection(ProjectConfigurationPlatforms) = postSolution
		{526AB690-FBD1-4AED-B006-636A96DDECE2}.Ad-Hoc|Any CPU.ActiveCfg = Ad-Hoc|iPhone
		{526AB690-FBD1-4AED-B006-636A96DDECE2}.Ad-Hoc|ARM.ActiveCfg = Ad-Hoc|iPhone
		{526AB690-FBD1-4AED-B006-636A96DDECE2}.Ad-Hoc|iPhone.ActiveCfg = Ad-Hoc|iPhone
		{526AB690-FBD1-4AED-B006-636A96DDECE2}.Ad-Hoc|iPhone.Build.0 = Ad-Hoc|iPhone
		{526AB690-FBD1-4AED-B006-636A96DDECE2}.Ad-Hoc|iPhoneSimulator.ActiveCfg = Ad-Hoc|iPhoneSimulator
		{526AB690-FBD1-4AED-B006-636A96DDECE2}.Ad-Hoc|iPhoneSimulator.Build.0 = Ad-Hoc|iPhoneSimulator
		{526AB690-FBD1-4AED-B006-636A96DDECE2}.Ad-Hoc|Mixed Platforms.ActiveCfg = Ad-Hoc|iPhone
		{526AB690-FBD1-4AED-B006-636A96DDECE2}.Ad-Hoc|Mixed Platforms.Build.0 = Ad-Hoc|iPhone
		{526AB690-FBD1-4AED-B006-636A96DDECE2}.Ad-Hoc|x86.ActiveCfg = Ad-Hoc|iPhone
		{526AB690-FBD1-4AED-B006-636A96DDECE2}.AppStore|Any CPU.ActiveCfg = AppStore|iPhone
		{526AB690-FBD1-4AED-B006-636A96DDECE2}.AppStore|ARM.ActiveCfg = AppStore|iPhone
		{526AB690-FBD1-4AED-B006-636A96DDECE2}.AppStore|iPhone.ActiveCfg = AppStore|iPhone
		{526AB690-FBD1-4AED-B006-636A96DDECE2}.AppStore|iPhone.Build.0 = AppStore|iPhone
		{526AB690-FBD1-4AED-B006-636A96DDECE2}.AppStore|iPhoneSimulator.ActiveCfg = AppStore|iPhoneSimulator
		{526AB690-FBD1-4AED-B006-636A96DDECE2}.AppStore|iPhoneSimulator.Build.0 = AppStore|iPhoneSimulator
		{526AB690-FBD1-4AED-B006-636A96DDECE2}.AppStore|Mixed Platforms.ActiveCfg = AppStore|iPhone
		{526AB690-FBD1-4AED-B006-636A96DDECE2}.AppStore|Mixed Platforms.Build.0 = AppStore|iPhone
		{526AB690-FBD1-4AED-B006-636A96DDECE2}.AppStore|x86.ActiveCfg = AppStore|iPhone
		{526AB690-FBD1-4AED-B006-636A96DDECE2}.Debug|Any CPU.ActiveCfg = Debug|iPhone
		{526AB690-FBD1-4AED-B006-636A96DDECE2}.Debug|ARM.ActiveCfg = Debug|iPhone
		{526AB690-FBD1-4AED-B006-636A96DDECE2}.Debug|iPhone.ActiveCfg = Debug|iPhone
		{526AB690-FBD1-4AED-B006-636A96DDECE2}.Debug|iPhone.Build.0 = Debug|iPhone
		{526AB690-FBD1-4AED-B006-636A96DDECE2}.Debug|iPhoneSimulator.ActiveCfg = Debug|iPhoneSimulator
		{526AB690-FBD1-4AED-B006-636A96DDECE2}.Debug|iPhoneSimulator.Build.0 = Debug|iPhoneSimulator
		{526AB690-FBD1-4AED-B006-636A96DDECE2}.Debug|Mixed Platforms.ActiveCfg = Debug|iPhone
		{526AB690-FBD1-4AED-B006-636A96DDECE2}.Debug|Mixed Platforms.Build.0 = Debug|iPhone
		{526AB690-FBD1-4AED-B006-636A96DDECE2}.Debug|x86.ActiveCfg = Debug|iPhone
		{526AB690-FBD1-4AED-B006-636A96DDECE2}.Release|Any CPU.ActiveCfg = Release|iPhone
		{526AB690-FBD1-4AED-B006-636A96DDECE2}.Release|ARM.ActiveCfg = Release|iPhone
		{526AB690-FBD1-4AED-B006-636A96DDECE2}.Release|iPhone.ActiveCfg = Release|iPhone
		{526AB690-FBD1-4AED-B006-636A96DDECE2}.Release|iPhone.Build.0 = Release|iPhone
		{526AB690-FBD1-4AED-B006-636A96DDECE2}.Release|iPhoneSimulator.ActiveCfg = Release|iPhoneSimulator
		{526AB690-FBD1-4AED-B006-636A96DDECE2}.Release|iPhoneSimulator.Build.0 = Release|iPhoneSimulator
		{526AB690-FBD1-4AED-B006-636A96DDECE2}.Release|Mixed Platforms.ActiveCfg = Release|iPhone
		{526AB690-FBD1-4AED-B006-636A96DDECE2}.Release|Mixed Platforms.Build.0 = Release|iPhone
		{526AB690-FBD1-4AED-B006-636A96DDECE2}.Release|x86.ActiveCfg = Release|iPhone
		{52C875D7-A206-4A38-9128-CF18AB1A8D14}.Ad-Hoc|Any CPU.ActiveCfg = Release|Any CPU
		{52C875D7-A206-4A38-9128-CF18AB1A8D14}.Ad-Hoc|Any CPU.Build.0 = Release|Any CPU
		{52C875D7-A206-4A38-9128-CF18AB1A8D14}.Ad-Hoc|Any CPU.Deploy.0 = Release|Any CPU
		{52C875D7-A206-4A38-9128-CF18AB1A8D14}.Ad-Hoc|ARM.ActiveCfg = Release|Any CPU
		{52C875D7-A206-4A38-9128-CF18AB1A8D14}.Ad-Hoc|iPhone.ActiveCfg = Release|Any CPU
		{52C875D7-A206-4A38-9128-CF18AB1A8D14}.Ad-Hoc|iPhoneSimulator.ActiveCfg = Release|Any CPU
		{52C875D7-A206-4A38-9128-CF18AB1A8D14}.Ad-Hoc|Mixed Platforms.ActiveCfg = Release|Any CPU
		{52C875D7-A206-4A38-9128-CF18AB1A8D14}.Ad-Hoc|Mixed Platforms.Build.0 = Release|Any CPU
		{52C875D7-A206-4A38-9128-CF18AB1A8D14}.Ad-Hoc|Mixed Platforms.Deploy.0 = Release|Any CPU
		{52C875D7-A206-4A38-9128-CF18AB1A8D14}.Ad-Hoc|x86.ActiveCfg = Release|Any CPU
		{52C875D7-A206-4A38-9128-CF18AB1A8D14}.AppStore|Any CPU.ActiveCfg = Release|Any CPU
		{52C875D7-A206-4A38-9128-CF18AB1A8D14}.AppStore|Any CPU.Build.0 = Release|Any CPU
		{52C875D7-A206-4A38-9128-CF18AB1A8D14}.AppStore|Any CPU.Deploy.0 = Release|Any CPU
		{52C875D7-A206-4A38-9128-CF18AB1A8D14}.AppStore|ARM.ActiveCfg = Release|Any CPU
		{52C875D7-A206-4A38-9128-CF18AB1A8D14}.AppStore|iPhone.ActiveCfg = Release|Any CPU
		{52C875D7-A206-4A38-9128-CF18AB1A8D14}.AppStore|iPhoneSimulator.ActiveCfg = Release|Any CPU
		{52C875D7-A206-4A38-9128-CF18AB1A8D14}.AppStore|Mixed Platforms.ActiveCfg = Release|Any CPU
		{52C875D7-A206-4A38-9128-CF18AB1A8D14}.AppStore|Mixed Platforms.Build.0 = Release|Any CPU
		{52C875D7-A206-4A38-9128-CF18AB1A8D14}.AppStore|Mixed Platforms.Deploy.0 = Release|Any CPU
		{52C875D7-A206-4A38-9128-CF18AB1A8D14}.AppStore|x86.ActiveCfg = Release|Any CPU
		{52C875D7-A206-4A38-9128-CF18AB1A8D14}.Debug|Any CPU.ActiveCfg = Debug|Any CPU
		{52C875D7-A206-4A38-9128-CF18AB1A8D14}.Debug|Any CPU.Build.0 = Debug|Any CPU
		{52C875D7-A206-4A38-9128-CF18AB1A8D14}.Debug|Any CPU.Deploy.0 = Debug|Any CPU
		{52C875D7-A206-4A38-9128-CF18AB1A8D14}.Debug|ARM.ActiveCfg = Debug|Any CPU
		{52C875D7-A206-4A38-9128-CF18AB1A8D14}.Debug|iPhone.ActiveCfg = Debug|Any CPU
		{52C875D7-A206-4A38-9128-CF18AB1A8D14}.Debug|iPhoneSimulator.ActiveCfg = Debug|Any CPU
		{52C875D7-A206-4A38-9128-CF18AB1A8D14}.Debug|Mixed Platforms.ActiveCfg = Debug|Any CPU
		{52C875D7-A206-4A38-9128-CF18AB1A8D14}.Debug|Mixed Platforms.Build.0 = Debug|Any CPU
		{52C875D7-A206-4A38-9128-CF18AB1A8D14}.Debug|Mixed Platforms.Deploy.0 = Debug|Any CPU
		{52C875D7-A206-4A38-9128-CF18AB1A8D14}.Debug|x86.ActiveCfg = Debug|Any CPU
		{52C875D7-A206-4A38-9128-CF18AB1A8D14}.Release|Any CPU.ActiveCfg = Release|Any CPU
		{52C875D7-A206-4A38-9128-CF18AB1A8D14}.Release|Any CPU.Build.0 = Release|Any CPU
		{52C875D7-A206-4A38-9128-CF18AB1A8D14}.Release|Any CPU.Deploy.0 = Release|Any CPU
		{52C875D7-A206-4A38-9128-CF18AB1A8D14}.Release|ARM.ActiveCfg = Release|Any CPU
		{52C875D7-A206-4A38-9128-CF18AB1A8D14}.Release|iPhone.ActiveCfg = Release|Any CPU
		{52C875D7-A206-4A38-9128-CF18AB1A8D14}.Release|iPhoneSimulator.ActiveCfg = Release|Any CPU
		{52C875D7-A206-4A38-9128-CF18AB1A8D14}.Release|Mixed Platforms.ActiveCfg = Release|Any CPU
		{52C875D7-A206-4A38-9128-CF18AB1A8D14}.Release|Mixed Platforms.Build.0 = Release|Any CPU
		{52C875D7-A206-4A38-9128-CF18AB1A8D14}.Release|Mixed Platforms.Deploy.0 = Release|Any CPU
		{52C875D7-A206-4A38-9128-CF18AB1A8D14}.Release|x86.ActiveCfg = Release|Any CPU
		{9E8B13E0-01DB-44AA-B8CD-9EED9D1C6BEF}.Ad-Hoc|Any CPU.ActiveCfg = Release|Any CPU
		{9E8B13E0-01DB-44AA-B8CD-9EED9D1C6BEF}.Ad-Hoc|Any CPU.Build.0 = Release|Any CPU
		{9E8B13E0-01DB-44AA-B8CD-9EED9D1C6BEF}.Ad-Hoc|Any CPU.Deploy.0 = Release|Any CPU
		{9E8B13E0-01DB-44AA-B8CD-9EED9D1C6BEF}.Ad-Hoc|ARM.ActiveCfg = Release|ARM
		{9E8B13E0-01DB-44AA-B8CD-9EED9D1C6BEF}.Ad-Hoc|ARM.Build.0 = Release|ARM
		{9E8B13E0-01DB-44AA-B8CD-9EED9D1C6BEF}.Ad-Hoc|ARM.Deploy.0 = Release|ARM
		{9E8B13E0-01DB-44AA-B8CD-9EED9D1C6BEF}.Ad-Hoc|iPhone.ActiveCfg = Release|Any CPU
		{9E8B13E0-01DB-44AA-B8CD-9EED9D1C6BEF}.Ad-Hoc|iPhoneSimulator.ActiveCfg = Release|Any CPU
		{9E8B13E0-01DB-44AA-B8CD-9EED9D1C6BEF}.Ad-Hoc|Mixed Platforms.ActiveCfg = Release|x86
		{9E8B13E0-01DB-44AA-B8CD-9EED9D1C6BEF}.Ad-Hoc|Mixed Platforms.Build.0 = Release|x86
		{9E8B13E0-01DB-44AA-B8CD-9EED9D1C6BEF}.Ad-Hoc|Mixed Platforms.Deploy.0 = Release|x86
		{9E8B13E0-01DB-44AA-B8CD-9EED9D1C6BEF}.Ad-Hoc|x86.ActiveCfg = Release|x86
		{9E8B13E0-01DB-44AA-B8CD-9EED9D1C6BEF}.Ad-Hoc|x86.Build.0 = Release|x86
		{9E8B13E0-01DB-44AA-B8CD-9EED9D1C6BEF}.Ad-Hoc|x86.Deploy.0 = Release|x86
		{9E8B13E0-01DB-44AA-B8CD-9EED9D1C6BEF}.AppStore|Any CPU.ActiveCfg = Release|Any CPU
		{9E8B13E0-01DB-44AA-B8CD-9EED9D1C6BEF}.AppStore|Any CPU.Build.0 = Release|Any CPU
		{9E8B13E0-01DB-44AA-B8CD-9EED9D1C6BEF}.AppStore|Any CPU.Deploy.0 = Release|Any CPU
		{9E8B13E0-01DB-44AA-B8CD-9EED9D1C6BEF}.AppStore|ARM.ActiveCfg = Release|ARM
		{9E8B13E0-01DB-44AA-B8CD-9EED9D1C6BEF}.AppStore|ARM.Build.0 = Release|ARM
		{9E8B13E0-01DB-44AA-B8CD-9EED9D1C6BEF}.AppStore|ARM.Deploy.0 = Release|ARM
		{9E8B13E0-01DB-44AA-B8CD-9EED9D1C6BEF}.AppStore|iPhone.ActiveCfg = Release|Any CPU
		{9E8B13E0-01DB-44AA-B8CD-9EED9D1C6BEF}.AppStore|iPhoneSimulator.ActiveCfg = Release|Any CPU
		{9E8B13E0-01DB-44AA-B8CD-9EED9D1C6BEF}.AppStore|Mixed Platforms.ActiveCfg = Release|x86
		{9E8B13E0-01DB-44AA-B8CD-9EED9D1C6BEF}.AppStore|Mixed Platforms.Build.0 = Release|x86
		{9E8B13E0-01DB-44AA-B8CD-9EED9D1C6BEF}.AppStore|Mixed Platforms.Deploy.0 = Release|x86
		{9E8B13E0-01DB-44AA-B8CD-9EED9D1C6BEF}.AppStore|x86.ActiveCfg = Release|x86
		{9E8B13E0-01DB-44AA-B8CD-9EED9D1C6BEF}.AppStore|x86.Build.0 = Release|x86
		{9E8B13E0-01DB-44AA-B8CD-9EED9D1C6BEF}.AppStore|x86.Deploy.0 = Release|x86
		{9E8B13E0-01DB-44AA-B8CD-9EED9D1C6BEF}.Debug|Any CPU.ActiveCfg = Debug|Any CPU
		{9E8B13E0-01DB-44AA-B8CD-9EED9D1C6BEF}.Debug|Any CPU.Build.0 = Debug|Any CPU
		{9E8B13E0-01DB-44AA-B8CD-9EED9D1C6BEF}.Debug|Any CPU.Deploy.0 = Debug|Any CPU
		{9E8B13E0-01DB-44AA-B8CD-9EED9D1C6BEF}.Debug|ARM.ActiveCfg = Debug|ARM
		{9E8B13E0-01DB-44AA-B8CD-9EED9D1C6BEF}.Debug|ARM.Build.0 = Debug|ARM
		{9E8B13E0-01DB-44AA-B8CD-9EED9D1C6BEF}.Debug|ARM.Deploy.0 = Debug|ARM
		{9E8B13E0-01DB-44AA-B8CD-9EED9D1C6BEF}.Debug|iPhone.ActiveCfg = Debug|Any CPU
		{9E8B13E0-01DB-44AA-B8CD-9EED9D1C6BEF}.Debug|iPhoneSimulator.ActiveCfg = Debug|Any CPU
		{9E8B13E0-01DB-44AA-B8CD-9EED9D1C6BEF}.Debug|Mixed Platforms.ActiveCfg = Debug|x86
		{9E8B13E0-01DB-44AA-B8CD-9EED9D1C6BEF}.Debug|Mixed Platforms.Build.0 = Debug|x86
		{9E8B13E0-01DB-44AA-B8CD-9EED9D1C6BEF}.Debug|Mixed Platforms.Deploy.0 = Debug|x86
		{9E8B13E0-01DB-44AA-B8CD-9EED9D1C6BEF}.Debug|x86.ActiveCfg = Debug|x86
		{9E8B13E0-01DB-44AA-B8CD-9EED9D1C6BEF}.Debug|x86.Build.0 = Debug|x86
		{9E8B13E0-01DB-44AA-B8CD-9EED9D1C6BEF}.Debug|x86.Deploy.0 = Debug|x86
		{9E8B13E0-01DB-44AA-B8CD-9EED9D1C6BEF}.Release|Any CPU.ActiveCfg = Release|Any CPU
		{9E8B13E0-01DB-44AA-B8CD-9EED9D1C6BEF}.Release|Any CPU.Build.0 = Release|Any CPU
		{9E8B13E0-01DB-44AA-B8CD-9EED9D1C6BEF}.Release|Any CPU.Deploy.0 = Release|Any CPU
		{9E8B13E0-01DB-44AA-B8CD-9EED9D1C6BEF}.Release|ARM.ActiveCfg = Release|ARM
		{9E8B13E0-01DB-44AA-B8CD-9EED9D1C6BEF}.Release|ARM.Build.0 = Release|ARM
		{9E8B13E0-01DB-44AA-B8CD-9EED9D1C6BEF}.Release|ARM.Deploy.0 = Release|ARM
		{9E8B13E0-01DB-44AA-B8CD-9EED9D1C6BEF}.Release|iPhone.ActiveCfg = Release|Any CPU
		{9E8B13E0-01DB-44AA-B8CD-9EED9D1C6BEF}.Release|iPhoneSimulator.ActiveCfg = Release|Any CPU
		{9E8B13E0-01DB-44AA-B8CD-9EED9D1C6BEF}.Release|Mixed Platforms.ActiveCfg = Release|x86
		{9E8B13E0-01DB-44AA-B8CD-9EED9D1C6BEF}.Release|Mixed Platforms.Build.0 = Release|x86
		{9E8B13E0-01DB-44AA-B8CD-9EED9D1C6BEF}.Release|Mixed Platforms.Deploy.0 = Release|x86
		{9E8B13E0-01DB-44AA-B8CD-9EED9D1C6BEF}.Release|x86.ActiveCfg = Release|x86
		{9E8B13E0-01DB-44AA-B8CD-9EED9D1C6BEF}.Release|x86.Build.0 = Release|x86
		{9E8B13E0-01DB-44AA-B8CD-9EED9D1C6BEF}.Release|x86.Deploy.0 = Release|x86
		{B15AEA66-E65E-42D1-A5C9-A5A75E0B475D}.Ad-Hoc|Any CPU.ActiveCfg = Release|Any CPU
		{B15AEA66-E65E-42D1-A5C9-A5A75E0B475D}.Ad-Hoc|Any CPU.Build.0 = Release|Any CPU
		{B15AEA66-E65E-42D1-A5C9-A5A75E0B475D}.Ad-Hoc|ARM.ActiveCfg = Release|Any CPU
		{B15AEA66-E65E-42D1-A5C9-A5A75E0B475D}.Ad-Hoc|iPhone.ActiveCfg = Release|Any CPU
		{B15AEA66-E65E-42D1-A5C9-A5A75E0B475D}.Ad-Hoc|iPhoneSimulator.ActiveCfg = Release|Any CPU
		{B15AEA66-E65E-42D1-A5C9-A5A75E0B475D}.Ad-Hoc|Mixed Platforms.ActiveCfg = Release|Any CPU
		{B15AEA66-E65E-42D1-A5C9-A5A75E0B475D}.Ad-Hoc|Mixed Platforms.Build.0 = Release|Any CPU
		{B15AEA66-E65E-42D1-A5C9-A5A75E0B475D}.Ad-Hoc|x86.ActiveCfg = Release|Any CPU
		{B15AEA66-E65E-42D1-A5C9-A5A75E0B475D}.AppStore|Any CPU.ActiveCfg = Release|Any CPU
		{B15AEA66-E65E-42D1-A5C9-A5A75E0B475D}.AppStore|Any CPU.Build.0 = Release|Any CPU
		{B15AEA66-E65E-42D1-A5C9-A5A75E0B475D}.AppStore|ARM.ActiveCfg = Release|Any CPU
		{B15AEA66-E65E-42D1-A5C9-A5A75E0B475D}.AppStore|iPhone.ActiveCfg = Release|Any CPU
		{B15AEA66-E65E-42D1-A5C9-A5A75E0B475D}.AppStore|iPhoneSimulator.ActiveCfg = Release|Any CPU
		{B15AEA66-E65E-42D1-A5C9-A5A75E0B475D}.AppStore|Mixed Platforms.ActiveCfg = Release|Any CPU
		{B15AEA66-E65E-42D1-A5C9-A5A75E0B475D}.AppStore|Mixed Platforms.Build.0 = Release|Any CPU
		{B15AEA66-E65E-42D1-A5C9-A5A75E0B475D}.AppStore|x86.ActiveCfg = Release|Any CPU
		{B15AEA66-E65E-42D1-A5C9-A5A75E0B475D}.Debug|Any CPU.ActiveCfg = Debug|Any CPU
		{B15AEA66-E65E-42D1-A5C9-A5A75E0B475D}.Debug|Any CPU.Build.0 = Debug|Any CPU
		{B15AEA66-E65E-42D1-A5C9-A5A75E0B475D}.Debug|ARM.ActiveCfg = Debug|Any CPU
		{B15AEA66-E65E-42D1-A5C9-A5A75E0B475D}.Debug|iPhone.ActiveCfg = Debug|Any CPU
		{B15AEA66-E65E-42D1-A5C9-A5A75E0B475D}.Debug|iPhoneSimulator.ActiveCfg = Debug|Any CPU
		{B15AEA66-E65E-42D1-A5C9-A5A75E0B475D}.Debug|Mixed Platforms.ActiveCfg = Debug|Any CPU
		{B15AEA66-E65E-42D1-A5C9-A5A75E0B475D}.Debug|Mixed Platforms.Build.0 = Debug|Any CPU
		{B15AEA66-E65E-42D1-A5C9-A5A75E0B475D}.Debug|x86.ActiveCfg = Debug|Any CPU
		{B15AEA66-E65E-42D1-A5C9-A5A75E0B475D}.Release|Any CPU.ActiveCfg = Release|Any CPU
		{B15AEA66-E65E-42D1-A5C9-A5A75E0B475D}.Release|Any CPU.Build.0 = Release|Any CPU
		{B15AEA66-E65E-42D1-A5C9-A5A75E0B475D}.Release|ARM.ActiveCfg = Release|Any CPU
		{B15AEA66-E65E-42D1-A5C9-A5A75E0B475D}.Release|iPhone.ActiveCfg = Release|Any CPU
		{B15AEA66-E65E-42D1-A5C9-A5A75E0B475D}.Release|iPhoneSimulator.ActiveCfg = Release|Any CPU
		{B15AEA66-E65E-42D1-A5C9-A5A75E0B475D}.Release|Mixed Platforms.ActiveCfg = Release|Any CPU
		{B15AEA66-E65E-42D1-A5C9-A5A75E0B475D}.Release|Mixed Platforms.Build.0 = Release|Any CPU
		{B15AEA66-E65E-42D1-A5C9-A5A75E0B475D}.Release|x86.ActiveCfg = Release|Any CPU
	EndGlobalSection
	GlobalSection(NestedProjects) = preSolution
	EndGlobalSection
	GlobalSection(MonoDevelopProperties) = preSolution
		StartupItem = TriCare\TriCare.iOS\TriCare.iOS.csproj
	EndGlobalSection
	GlobalSection(SolutionProperties) = preSolution
		HideSolutionNode = FALSE
	EndGlobalSection
EndGlobal
